{
  "nodes": {
    "nixpkgs": {
      "locked": {
        "lastModified": 1751477476,
        "narHash": "sha256-KOeg1OzzYlLFhdvWpS9NZjqbBQuNyD8MJ4pozhhDMSY=",
        "owner": "NixOS",
        "repo": "nixpkgs",
        "rev": "1d973967d6dd6f6819f0287a9df44fd24292f396",
        "type": "github"
      },
      "original": {
        "owner": "NixOS",
        "repo": "nixpkgs",
        "type": "github"
      }
    },
    "root": {
      "inputs": {
        "nixpkgs": "nixpkgs"
      }
    }
  },
  "root": "root",
  "version": 7
}
